
Microsoft Visual Studio Solution File, Format Version 12.00
# Visual Studio 15
VisualStudioVersion = 15.0.26730.16
MinimumVisualStudioVersion = 10.0.40219.1
Project("{FAE04EC0-301F-11D3-BF4B-00C04F79EFBC}") = "Battle_Ground", "Battle_Ground\Battle_Ground.csproj", "{77CBA338-2B5B-446E-A15E-B0C8A4DC0A7A}"
EndProject
Global
	GlobalSection(SolutionConfigurationPlatforms) = preSolution
		Debug|x86 = Debug|x86
		Release|x86 = Release|x86
	EndGlobalSection
	GlobalSection(ProjectConfigurationPlatforms) = postSolution
		{77CBA338-2B5B-446E-A15E-B0C8A4DC0A7A}.Debug|x86.ActiveCfg = Debug|x86
		{77CBA338-2B5B-446E-A15E-B0C8A4DC0A7A}.Debug|x86.Build.0 = Debug|x86
		{77CBA338-2B5B-446E-A15E-B0C8A4DC0A7A}.Release|x86.ActiveCfg = Release|x86
		{77CBA338-2B5B-446E-A15E-B0C8A4DC0A7A}.Release|x86.Build.0 = Release|x86
	EndGlobalSection
	GlobalSection(SolutionProperties) = preSolution
		HideSolutionNode = FALSE
	EndGlobalSection
	GlobalSection(ExtensibilityGlobals) = postSolution
		SolutionGuid = {727924FE-91D4-430B-BCCA-E39030CBBAC3}
	EndGlobalSection
EndGlobal
